// !$*UTF8*$!
{
	archiveVersion = 1;
	classes = {
	};
	objectVersion = 50;
	objects = {

/* Begin PBXBuildFile section */
		6657D8B9257E71320076B7A8 /* DetailViewController.swift in Sources */ = {isa = PBXBuildFile; fileRef = 6657D8B8257E71320076B7A8 /* DetailViewController.swift */; };
		66610DEE2570073100C606E9 /* CollectionView.swift in Sources */ = {isa = PBXBuildFile; fileRef = 66610DED2570073100C606E9 /* CollectionView.swift */; };
		66AC727524F607FE000C9857 /* AppDelegate.swift in Sources */ = {isa = PBXBuildFile; fileRef = 66AC727424F607FE000C9857 /* AppDelegate.swift */; };
		66AC727724F607FE000C9857 /* SceneDelegate.swift in Sources */ = {isa = PBXBuildFile; fileRef = 66AC727624F607FE000C9857 /* SceneDelegate.swift */; };
		66AC727924F607FE000C9857 /* ViewController.swift in Sources */ = {isa = PBXBuildFile; fileRef = 66AC727824F607FE000C9857 /* ViewController.swift */; };
		66AC727C24F607FE000C9857 /* Main.storyboard in Resources */ = {isa = PBXBuildFile; fileRef = 66AC727A24F607FE000C9857 /* Main.storyboard */; };
		66AC727E24F60803000C9857 /* Assets.xcassets in Resources */ = {isa = PBXBuildFile; fileRef = 66AC727D24F60803000C9857 /* Assets.xcassets */; };
		66AC728124F60803000C9857 /* LaunchScreen.storyboard in Resources */ = {isa = PBXBuildFile; fileRef = 66AC727F24F60803000C9857 /* LaunchScreen.storyboard */; };
		66C0D6BC25AC1B32004A0968 /* Customcell.swift in Sources */ = {isa = PBXBuildFile; fileRef = 66C0D6BA25AC1B32004A0968 /* Customcell.swift */; };
		66C0D6BD25AC1B32004A0968 /* Customcell.xib in Resources */ = {isa = PBXBuildFile; fileRef = 66C0D6BB25AC1B32004A0968 /* Customcell.xib */; };
/* End PBXBuildFile section */

/* Begin PBXFileReference section */
		6657D8B8257E71320076B7A8 /* DetailViewController.swift */ = {isa = PBXFileReference; lastKnownFileType = sourcecode.swift; path = DetailViewController.swift; sourceTree = "<group>"; };
		66610DED2570073100C606E9 /* CollectionView.swift */ = {isa = PBXFileReference; lastKnownFileType = sourcecode.swift; path = CollectionView.swift; sourceTree = "<group>"; };
		66AC727124F607FE000C9857 /* ChatApp.app */ = {isa = PBXFileReference; explicitFileType = wrapper.application; includeInIndex = 0; path = ChatApp.app; sourceTree = BUILT_PRODUCTS_DIR; };
		66AC727424F607FE000C9857 /* AppDelegate.swift */ = {isa = PBXFileReference; lastKnownFileType = sourcecode.swift; path = AppDelegate.swift; sourceTree = "<group>"; };
		66AC727624F607FE000C9857 /* SceneDelegate.swift */ = {isa = PBXFileReference; lastKnownFileType = sourcecode.swift; path = SceneDelegate.swift; sourceTree = "<group>"; };
		66AC727824F607FE000C9857 /* ViewController.swift */ = {isa = PBXFileReference; lastKnownFileType = sourcecode.swift; path = ViewController.swift; sourceTree = "<group>"; };
		66AC727B24F607FE000C9857 /* Base */ = {isa = PBXFileReference; lastKnownFileType = file.storyboard; name = Base; path = Base.lproj/Main.storyboard; sourceTree = "<group>"; };
		66AC727D24F60803000C9857 /* Assets.xcassets */ = {isa = PBXFileReference; lastKnownFileType = folder.assetcatalog; path = Assets.xcassets; sourceTree = "<group>"; };
		66AC728024F60803000C9857 /* Base */ = {isa = PBXFileReference; lastKnownFileType = file.storyboard; name = Base; path = Base.lproj/LaunchScreen.storyboard; sourceTree = "<group>"; };
		66AC728224F60803000C9857 /* Info.plist */ = {isa = PBXFileReference; lastKnownFileType = text.plist.xml; path = Info.plist; sourceTree = "<group>"; };
		66C0D6BA25AC1B32004A0968 /* Customcell.swift */ = {isa = PBXFileReference; lastKnownFileType = sourcecode.swift; path = Customcell.swift; sourceTree = "<group>"; };
		66C0D6BB25AC1B32004A0968 /* Customcell.xib */ = {isa = PBXFileReference; lastKnownFileType = file.xib; path = Customcell.xib; sourceTree = "<group>"; };
/* End PBXFileReference section */

/* Begin PBXFrameworksBuildPhase section */
		66AC726E24F607FE000C9857 /* Frameworks */ = {
			isa = PBXFrameworksBuildPhase;
			buildActionMask = 2147483647;
			files = (
			);
			runOnlyForDeploymentPostprocessing = 0;
		};
/* End PBXFrameworksBuildPhase section */

/* Begin PBXGroup section */
		66AC726824F607FE000C9857 = {
			isa = PBXGroup;
			children = (
				66AC727324F607FE000C9857 /* ChatApp */,
				66AC727224F607FE000C9857 /* Products */,
			);
			sourceTree = "<group>";
		};
		66AC727224F607FE000C9857 /* Products */ = {
			isa = PBXGroup;
			children = (
				66AC727124F607FE000C9857 /* ChatApp.app */,
			);
			name = Products;
			sourceTree = "<group>";
		};
		66AC727324F607FE000C9857 /* ChatApp */ = {
			isa = PBXGroup;
			children = (
				66AC727424F607FE000C9857 /* AppDelegate.swift */,
				66AC727624F607FE000C9857 /* SceneDelegate.swift */,
				66AC727824F607FE000C9857 /* ViewController.swift */,
				66AC727A24F607FE000C9857 /* Main.storyboard */,
				66C0D6BA25AC1B32004A0968 /* Customcell.swift */,
				66C0D6BB25AC1B32004A0968 /* Customcell.xib */,
				6657D8B8257E71320076B7A8 /* DetailViewController.swift */,
				66610DED2570073100C606E9 /* CollectionView.swift */,
				66AC727D24F60803000C9857 /* Assets.xcassets */,
				66AC727F24F60803000C9857 /* LaunchScreen.storyboard */,
				66AC728224F60803000C9857 /* Info.plist */,
			);
			path = ChatApp;
			sourceTree = "<group>";
		};
/* End PBXGroup section */

/* Begin PBXNativeTarget section */
		66AC727024F607FE000C9857 /* ChatApp */ = {
			isa = PBXNativeTarget;
			buildConfigurationList = 66AC728524F60803000C9857 /* Build configuration list for PBXNativeTarget "ChatApp" */;
			buildPhases = (
				66AC726D24F607FE000C9857 /* Sources */,
				66AC726E24F607FE000C9857 /* Frameworks */,
				66AC726F24F607FE000C9857 /* Resources */,
			);
			buildRules = (
			);
			dependencies = (
			);
			name = ChatApp;
			productName = ChatApp;
			productReference = 66AC727124F607FE000C9857 /* ChatApp.app */;
			productType = "com.apple.product-type.application";
		};
/* End PBXNativeTarget section */

/* Begin PBXProject section */
		66AC726924F607FE000C9857 /* Project object */ = {
			isa = PBXProject;
			attributes = {
				LastSwiftUpdateCheck = 1160;
				LastUpgradeCheck = 1200;
				ORGANIZATIONNAME = "角田幸奈";
				TargetAttributes = {
					66AC727024F607FE000C9857 = {
						CreatedOnToolsVersion = 11.6;
					};
				};
			};
			buildConfigurationList = 66AC726C24F607FE000C9857 /* Build configuration list for PBXProject "ChatApp" */;
			compatibilityVersion = "Xcode 9.3";
			developmentRegion = en;
			hasScannedForEncodings = 0;
			knownRegions = (
				en,
				Base,
			);
			mainGroup = 66AC726824F607FE000C9857;
			productRefGroup = 66AC727224F607FE000C9857 /* Products */;
			projectDirPath = "";
			projectRoot = "";
			targets = (
				66AC727024F607FE000C9857 /* ChatApp */,
			);
		};
/* End PBXProject section */

/* Begin PBXResourcesBuildPhase section */
		66AC726F24F607FE000C9857 /* Resources */ = {
			isa = PBXResourcesBuildPhase;
			buildActionMask = 2147483647;
			files = (
				66AC728124F60803000C9857 /* LaunchScreen.storyboard in Resources */,
				66AC727E24F60803000C9857 /* Assets.xcassets in Resources */,
				66C0D6BD25AC1B32004A0968 /* Customcell.xib in Resources */,
				66AC727C24F607FE000C9857 /* Main.storyboard in Resources */,
			);
			runOnlyForDeploymentPostprocessing = 0;
		};
/* End PBXResourcesBuildPhase section */

/* Begin PBXSourcesBuildPhase section */
		66AC726D24F607FE000C9857 /* Sources */ = {
			isa = PBXSourcesBuildPhase;
			buildActionMask = 2147483647;
			files = (
				66AC727924F607FE000C9857 /* ViewController.swift in Sources */,
				66AC727524F607FE000C9857 /* AppDelegate.swift in Sources */,
				6657D8B9257E71320076B7A8 /* DetailViewController.swift in Sources */,
				66610DEE2570073100C606E9 /* CollectionView.swift in Sources */,
				66AC727724F607FE000C9857 /* SceneDelegate.swift in Sources */,
				66C0D6BC25AC1B32004A0968 /* Customcell.swift in Sources */,
			);
			runOnlyForDeploymentPostprocessing = 0;
		};
/* End PBXSourcesBuildPhase section */

/* Begin PBXVariantGroup section */
		66AC727A24F607FE000C9857 /* Main.storyboard */ = {
			isa = PBXVariantGroup;
			children = (
				66AC727B24F607FE000C9857 /* Base */,
			);
			name = Main.storyboard;
			sourceTree = "<group>";
		};
		66AC727F24F60803000C9857 /* LaunchScreen.storyboard */ = {
			isa = PBXVariantGroup;
			children = (
				66AC728024F60803000C9857 /* Base */,
			);
			name = LaunchScreen.storyboard;
			sourceTree = "<group>";
		};
/* End PBXVariantGroup section */

/* Begin XCBuildConfiguration section */
		66AC728324F60803000C9857 /* Debug */ = {
			isa = XCBuildConfiguration;
			buildSettings = {
				ALWAYS_SEARCH_USER_PATHS = NO;
				CLANG_ANALYZER_NONNULL = YES;
				CLANG_ANALYZER_NUMBER_OBJECT_CONVERSION = YES_AGGRESSIVE;
				CLANG_CXX_LANGUAGE_STANDARD = "gnu++14";
				CLANG_CXX_LIBRARY = "libc++";
				CLANG_ENABLE_MODULES = YES;
				CLANG_ENABLE_OBJC_ARC = YES;
				CLANG_ENABLE_OBJC_WEAK = YES;
				CLANG_WARN_BLOCK_CAPTURE_AUTORELEASING = YES;
				CLANG_WARN_BOOL_CONVERSION = YES;
				CLANG_WARN_COMMA = YES;
				CLANG_WARN_CONSTANT_CONVERSION = YES;
				CLANG_WARN_DEPRECATED_OBJC_IMPLEMENTATIONS = YES;
				CLANG_WARN_DIRECT_OBJC_ISA_USAGE = YES_ERROR;
				CLANG_WARN_DOCUMENTATION_COMMENTS = YES;
				CLANG_WARN_EMPTY_BODY = YES;
				CLANG_WARN_ENUM_CONVERSION = YES;
				CLANG_WARN_INFINITE_RECURSION = YES;
				CLANG_WARN_INT_CONVERSION = YES;
				CLANG_WARN_NON_LITERAL_NULL_CONVERSION = YES;
				CLANG_WARN_OBJC_IMPLICIT_RETAIN_SELF = YES;
				CLANG_WARN_OBJC_LITERAL_CONVERSION = YES;
				CLANG_WARN_OBJC_ROOT_CLASS = YES_ERROR;
				CLANG_WARN_QUOTED_INCLUDE_IN_FRAMEWORK_HEADER = YES;
				CLANG_WARN_RANGE_LOOP_ANALYSIS = YES;
				CLANG_WARN_STRICT_PROTOTYPES = YES;
				CLANG_WARN_SUSPICIOUS_MOVE = YES;
				CLANG_WARN_UNGUARDED_AVAILABILITY = YES_AGGRESSIVE;
				CLANG_WARN_UNREACHABLE_CODE = YES;
				CLANG_WARN__DUPLICATE_METHOD_MATCH = YES;
				COPY_PHASE_STRIP = NO;
				DEBUG_INFORMATION_FORMAT = dwarf;
				ENABLE_STRICT_OBJC_MSGSEND = YES;
				ENABLE_TESTABILITY = YES;
				GCC_C_LANGUAGE_STANDARD = gnu11;
				GCC_DYNAMIC_NO_PIC = NO;
				GCC_NO_COMMON_BLOCKS = YES;
				GCC_OPTIMIZATION_LEVEL = 0;
				GCC_PREPROCESSOR_DEFINITIONS = (
					"DEBUG=1",
					"$(inherited)",
				);
				GCC_WARN_64_TO_32_BIT_CONVERSION = YES;
				GCC_WARN_ABOUT_RETURN_TYPE = YES_ERROR;
				GCC_WARN_UNDECLARED_SELECTOR = YES;
				GCC_WARN_UNINITIALIZED_AUTOS = YES_AGGRESSIVE;
				GCC_WARN_UNUSED_FUNCTION = YES;
				GCC_WARN_UNUSED_VARIABLE = YES;
				IPHONEOS_DEPLOYMENT_TARGET = 13.6;
				MTL_ENABLE_DEBUG_INFO = INCLUDE_SOURCE;
				MTL_FAST_MATH = YES;
				ONLY_ACTIVE_ARCH = YES;
				SDKROOT = iphoneos;
				SWIFT_ACTIVE_COMPILATION_CONDITIONS = DEBUG;
				SWIFT_OPTIMIZATION_LEVEL = "-Onone";
			};
			name = Debug;
		};
		66AC728424F60803000C9857 /* Release */ = {
			isa = XCBuildConfiguration;
			buildSettings = {
				ALWAYS_SEARCH_USER_PATHS = NO;
				CLANG_ANALYZER_NONNULL = YES;
				CLANG_ANALYZER_NUMBER_OBJECT_CONVERSION = YES_AGGRESSIVE;
				CLANG_CXX_LANGUAGE_STANDARD = "gnu++14";
				CLANG_CXX_LIBRARY = "libc++";
				CLANG_ENABLE_MODULES = YES;
				CLANG_ENABLE_OBJC_ARC = YES;
				CLANG_ENABLE_OBJC_WEAK = YES;
				CLANG_WARN_BLOCK_CAPTURE_AUTORELEASING = YES;
				CLANG_WARN_BOOL_CONVERSION = YES;
				CLANG_WARN_COMMA = YES;
				CLANG_WARN_CONSTANT_CONVERSION = YES;
				CLANG_WARN_DEPRECATED_OBJC_IMPLEMENTATIONS = YES;
				CLANG_WARN_DIRECT_OBJC_ISA_USAGE = YES_ERROR;
				CLANG_WARN_DOCUMENTATION_COMMENTS = YES;
				CLANG_WARN_EMPTY_BODY = YES;
				CLANG_WARN_ENUM_CONVERSION = YES;
				CLANG_WARN_INFINITE_RECURSION = YES;
				CLANG_WARN_INT_CONVERSION = YES;
				CLANG_WARN_NON_LITERAL_NULL_CONVERSION = YES;
				CLANG_WARN_OBJC_IMPLICIT_RETAIN_SELF = YES;
				CLANG_WARN_OBJC_LITERAL_CONVERSION = YES;
				CLANG_WARN_OBJC_ROOT_CLASS = YES_ERROR;
				CLANG_WARN_QUOTED_INCLUDE_IN_FRAMEWORK_HEADER = YES;
				CLANG_WARN_RANGE_LOOP_ANALYSIS = YES;
				CLANG_WARN_STRICT_PROTOTYPES = YES;
				CLANG_WARN_SUSPICIOUS_MOVE = YES;
				CLANG_WARN_UNGUARDED_AVAILABILITY = YES_AGGRESSIVE;
				CLANG_WARN_UNREACHABLE_CODE = YES;
				CLANG_WARN__DUPLICATE_METHOD_MATCH = YES;
				COPY_PHASE_STRIP = NO;
				DEBUG_INFORMATION_FORMAT = "dwarf-with-dsym";
				ENABLE_NS_ASSERTIONS = NO;
				ENABLE_STRICT_OBJC_MSGSEND = YES;
				GCC_C_LANGUAGE_STANDARD = gnu11;
				GCC_NO_COMMON_BLOCKS = YES;
				GCC_WARN_64_TO_32_BIT_CONVERSION = YES;
				GCC_WARN_ABOUT_RETURN_TYPE = YES_ERROR;
				GCC_WARN_UNDECLARED_SELECTOR = YES;
				GCC_WARN_UNINITIALIZED_AUTOS = YES_AGGRESSIVE;
				GCC_WARN_UNUSED_FUNCTION = YES;
				GCC_WARN_UNUSED_VARIABLE = YES;
				IPHONEOS_DEPLOYMENT_TARGET = 13.6;
				MTL_ENABLE_DEBUG_INFO = NO;
				MTL_FAST_MATH = YES;
				SDKROOT = iphoneos;
				SWIFT_COMPILATION_MODE = wholemodule;
				SWIFT_OPTIMIZATION_LEVEL = "-O";
				VALIDATE_PRODUCT = YES;
			};
			name = Release;
		};
		66AC728624F60803000C9857 /* Debug */ = {
			isa = XCBuildConfiguration;
			buildSettings = {
				ASSETCATALOG_COMPILER_APPICON_NAME = AppIcon;
				CODE_SIGN_STYLE = Automatic;
				DEVELOPMENT_TEAM = XCW334A2BY;
				INFOPLIST_FILE = ChatApp/Info.plist;
				LD_RUNPATH_SEARCH_PATHS = (
					"$(inherited)",
					"@executable_path/Frameworks",
				);
				PRODUCT_BUNDLE_IDENTIFIER = yukina.ChatApp;
				PRODUCT_NAME = "$(TARGET_NAME)";
				SWIFT_VERSION = 5.0;
				TARGETED_DEVICE_FAMILY = "1,2";
			};
			name = Debug;
		};
		66AC728724F60803000C9857 /* Release */ = {
			isa = XCBuildConfiguration;
			buildSettings = {
				ASSETCATALOG_COMPILER_APPICON_NAME = AppIcon;
				CODE_SIGN_STYLE = Automatic;
				DEVELOPMENT_TEAM = XCW334A2BY;
				INFOPLIST_FILE = ChatApp/Info.plist;
				LD_RUNPATH_SEARCH_PATHS = (
					"$(inherited)",
					"@executable_path/Frameworks",
				);
				PRODUCT_BUNDLE_IDENTIFIER = yukina.ChatApp;
				PRODUCT_NAME = "$(TARGET_NAME)";
				SWIFT_VERSION = 5.0;
				TARGETED_DEVICE_FAMILY = "1,2";
			};
			name = Release;
		};
/* End XCBuildConfiguration section */

/* Begin XCConfigurationList section */
		66AC726C24F607FE000C9857 /* Build configuration list for PBXProject "ChatApp" */ = {
			isa = XCConfigurationList;
			buildConfigurations = (
				66AC728324F60803000C9857 /* Debug */,
				66AC728424F60803000C9857 /* Release */,
			);
			defaultConfigurationIsVisible = 0;
			defaultConfigurationName = Release;
		};
		66AC728524F60803000C9857 /* Build configuration list for PBXNativeTarget "ChatApp" */ = {
			isa = XCConfigurationList;
			buildConfigurations = (
				66AC728624F60803000C9857 /* Debug */,
				66AC728724F60803000C9857 /* Release */,
			);
			defaultConfigurationIsVisible = 0;
			defaultConfigurationName = Release;
		};
/* End XCConfigurationList section */
	};
	rootObject = 66AC726924F607FE000C9857 /* Project object */;
}
